
Microsoft Visual Studio Solution File, Format Version 12.00
# Visual Studio 15
VisualStudioVersion = 15.0.28307.106
MinimumVisualStudioVersion = 10.0.40219.1
Project("{8BC9CEB8-8B4A-11D0-8D11-00A0C91BC942}") = "AdrianRupala_OR_Zad3", "AdrianRupala_OR_Zad3\AdrianRupala_OR_Zad3.vcxproj", "{A254C09A-C370-495C-9C49-B16ADD146B10}"
EndProject
Global
	GlobalSection(SolutionConfigurationPlatforms) = preSolution
		Debug|x64 = Debug|x64
		Debug|x86 = Debug|x86
		Release|x64 = Release|x64
		Release|x86 = Release|x86
	EndGlobalSection
	GlobalSection(ProjectConfigurationPlatforms) = postSolution
		{A254C09A-C370-495C-9C49-B16ADD146B10}.Debug|x64.ActiveCfg = Debug|x64
		{A254C09A-C370-495C-9C49-B16ADD146B10}.Debug|x64.Build.0 = Debug|x64
		{A254C09A-C370-495C-9C49-B16ADD146B10}.Debug|x86.ActiveCfg = Debug|Win32
		{A254C09A-C370-495C-9C49-B16ADD146B10}.Debug|x86.Build.0 = Debug|Win32
		{A254C09A-C370-495C-9C49-B16ADD146B10}.Release|x64.ActiveCfg = Release|x64
		{A254C09A-C370-495C-9C49-B16ADD146B10}.Release|x64.Build.0 = Release|x64
		{A254C09A-C370-495C-9C49-B16ADD146B10}.Release|x86.ActiveCfg = Release|Win32
		{A254C09A-C370-495C-9C49-B16ADD146B10}.Release|x86.Build.0 = Release|Win32
	EndGlobalSection
	GlobalSection(SolutionProperties) = preSolution
		HideSolutionNode = FALSE
	EndGlobalSection
	GlobalSection(ExtensibilityGlobals) = postSolution
		SolutionGuid = {7E7F7129-DAD9-4730-B098-7C4DCC084D01}
	EndGlobalSection
EndGlobal
